
Microsoft Visual Studio Solution File, Format Version 12.00
# Visual Studio 15
VisualStudioVersion = 15.0.28307.421
MinimumVisualStudioVersion = 10.0.40219.1
Project("{9A19103F-16F7-4668-BE54-9A1E7A4F7556}") = "OdeToFood", "OdeToFood\OdeToFood.csproj", "{64EA6A3B-BA2C-42DA-8BB0-D83A4156DE41}"
EndProject
Global
	GlobalSection(SolutionConfigurationPlatforms) = preSolution
		Debug|Any CPU = Debug|Any CPU
		Release|Any CPU = Release|Any CPU
	EndGlobalSection
	GlobalSection(ProjectConfigurationPlatforms) = postSolution
		{64EA6A3B-BA2C-42DA-8BB0-D83A4156DE41}.Debug|Any CPU.ActiveCfg = Debug|Any CPU
		{64EA6A3B-BA2C-42DA-8BB0-D83A4156DE41}.Debug|Any CPU.Build.0 = Debug|Any CPU
		{64EA6A3B-BA2C-42DA-8BB0-D83A4156DE41}.Release|Any CPU.ActiveCfg = Release|Any CPU
		{64EA6A3B-BA2C-42DA-8BB0-D83A4156DE41}.Release|Any CPU.Build.0 = Release|Any CPU
	EndGlobalSection
	GlobalSection(SolutionProperties) = preSolution
		HideSolutionNode = FALSE
	EndGlobalSection
	GlobalSection(ExtensibilityGlobals) = postSolution
		SolutionGuid = {A1955C95-AC41-4FEB-B560-3C4B513016F0}
	EndGlobalSection
EndGlobal
